
Microsoft Visual Studio Solution File, Format Version 12.00
# Visual Studio Version 16
VisualStudioVersion = 16.0.29519.87
MinimumVisualStudioVersion = 10.0.40219.1
Project("{FAE04EC0-301F-11D3-BF4B-00C04F79EFBC}") = "WindowsFormsApp4", "WindowsFormsApp4\WindowsFormsApp4.csproj", "{68B1B5E8-1A84-47F4-A7A2-B68B588D5601}"
EndProject
Global
	GlobalSection(SolutionConfigurationPlatforms) = preSolution
		Debug|Any CPU = Debug|Any CPU
		Release|Any CPU = Release|Any CPU
	EndGlobalSection
	GlobalSection(ProjectConfigurationPlatforms) = postSolution
		{68B1B5E8-1A84-47F4-A7A2-B68B588D5601}.Debug|Any CPU.ActiveCfg = Debug|Any CPU
		{68B1B5E8-1A84-47F4-A7A2-B68B588D5601}.Debug|Any CPU.Build.0 = Debug|Any CPU
		{68B1B5E8-1A84-47F4-A7A2-B68B588D5601}.Release|Any CPU.ActiveCfg = Release|Any CPU
		{68B1B5E8-1A84-47F4-A7A2-B68B588D5601}.Release|Any CPU.Build.0 = Release|Any CPU
	EndGlobalSection
	GlobalSection(SolutionProperties) = preSolution
		HideSolutionNode = FALSE
	EndGlobalSection
	GlobalSection(ExtensibilityGlobals) = postSolution
		SolutionGuid = {A149761C-04BC-4A78-A7E4-DBD72ECC2B06}
	EndGlobalSection
EndGlobal
